
Microsoft Visual Studio Solution File, Format Version 12.00
# Visual Studio Version 16
VisualStudioVersion = 16.0.29911.84
MinimumVisualStudioVersion = 10.0.40219.1
Project("{9A19103F-16F7-4668-BE54-9A1E7A4F7556}") = "DesignPatternsConsole", "DesignPatternsConsole\DesignPatternsConsole.csproj", "{1DDDB189-D0A7-4C07-981D-E84F74E7EDF0}"
EndProject
Project("{FAE04EC0-301F-11D3-BF4B-00C04F79EFBC}") = "DesignPatternsLibrary", "DesignPatternsLibrary\DesignPatternsLibrary.csproj", "{EFAA4D8A-6601-4279-A122-0D3167D4C17E}"
EndProject
Global
	GlobalSection(SolutionConfigurationPlatforms) = preSolution
		Debug|Any CPU = Debug|Any CPU
		Release|Any CPU = Release|Any CPU
	EndGlobalSection
	GlobalSection(ProjectConfigurationPlatforms) = postSolution
		{1DDDB189-D0A7-4C07-981D-E84F74E7EDF0}.Debug|Any CPU.ActiveCfg = Debug|Any CPU
		{1DDDB189-D0A7-4C07-981D-E84F74E7EDF0}.Debug|Any CPU.Build.0 = Debug|Any CPU
		{1DDDB189-D0A7-4C07-981D-E84F74E7EDF0}.Release|Any CPU.ActiveCfg = Release|Any CPU
		{1DDDB189-D0A7-4C07-981D-E84F74E7EDF0}.Release|Any CPU.Build.0 = Release|Any CPU
		{EFAA4D8A-6601-4279-A122-0D3167D4C17E}.Debug|Any CPU.ActiveCfg = Debug|Any CPU
		{EFAA4D8A-6601-4279-A122-0D3167D4C17E}.Debug|Any CPU.Build.0 = Debug|Any CPU
		{EFAA4D8A-6601-4279-A122-0D3167D4C17E}.Release|Any CPU.ActiveCfg = Release|Any CPU
		{EFAA4D8A-6601-4279-A122-0D3167D4C17E}.Release|Any CPU.Build.0 = Release|Any CPU
	EndGlobalSection
	GlobalSection(SolutionProperties) = preSolution
		HideSolutionNode = FALSE
	EndGlobalSection
	GlobalSection(ExtensibilityGlobals) = postSolution
		SolutionGuid = {FC5A36AC-96AF-414C-94D4-CAECAA79EF9A}
	EndGlobalSection
EndGlobal
